lockfileVersion: 5.3

importers:
  .:
    specifiers:
      fs-e: ^10.0.0
      dep-dev: 2.2.1
    dependencies:
      fs-e: 10.0.0
    devDependencies:
      dev-dep: 2.2.1

  packages/root-workspace:
    specifiers:
      "workspace-1": workspace:1.0.0
      "workspace-2": workspace:1.0.0
      "in-root-dep-1": 1.0.0
      "in-root-dep-2": 2.0.0
      "workspace-11": workspace:1.0.0
      "workspace-12": workspace:1.0.0
      "in-root-dev-dep-1": 1.0.0
      "in-root-dev-dep-2": 2.0.0
    dependencies:
      "workspace-1": link:../workspace-1
      "workspace-2": link:../workspace-2
      "in-root-dep-1": 1.0.0
      "in-root-dep-2": 2.0.0
    devDependencies:
      "workspace-11": link:../workspace-1
      "workspace-12": link:../workspace-1
      "in-root-dev-dep-1": 1.0.0
      "in-root-dev-dep-2": 2.0.0

  packages/workspace-1:
    specifiers:
      "workspace-2": workspace:1.0.0
      "workspace-3": workspace:1.0.0
      "in-w1-dep-1": 1.0.0
      "in-w1-dep-2": 2.0.0
      "workspace-11": workspace:1.0.0
      "workspace-13": workspace:1.0.0
      "workspace-15": workspace:1.0.0
      "in-w1-dev-dep-1": 1.0.0
      "in-w1-dev-dep-2": 2.0.0
    dependencies:
      "workspace-2": link:../workspace-2
      "workspace-3": link:../workspace3
      "in-w1-dep-1": 1.0.0
      "in-w1-dep-2": 2.0.0
    devDependencies:
      "workspace-11": link:../workspace11
      "workspace-13": link:../workspace12
      "workspace-15": link:../workspace15
      "in-w1-dev-dep-1": 1.0.0
      "in-w1-dev-dep-2": 2.0.0

packages:
  /fs-e:/10.0.0:
    resolution: { integrity: sha51223123123+z7dnmgvP9QtIleuETGOiOH1RcIw== }
    dependencies:
      "@babel/highlight": 7.13.10
    dev: true
