# THIS IS AN AUTOGENERATED FILE. DO NOT EDIT THIS FILE DIRECTLY.
# yarn lockfile v1

"in-w1-dep-1@1":
  version "7.10.4"
  resolved "https://registry.yarnpkg.com/in-w1-dev-dep-1.tgz#123123"
  integrity sha512-shashashashashashashhsa==
  dependencies:
    "in-w1-dep-2" "2"


"in-w1-dev-dep-1@1":
  version "7.10.4"
  resolved "https://registry.yarnpkg.com/in-w1-dev-dep-1.tgz#123123"
  integrity sha512-shashashashashashashhsa==
  dependencies:
    "in-w1-dev-dep-2" "2"

"root-dev-dep@1":
  version "1.0.0"
  resolved "https://registry.yarnpkg.com/in-w1-dev-dep-1.tgz#123123"
  integrity sha512-shashashashashashashhsa==

"root-dep@1":
  version "1.0.0"
  resolved "https://registry.yarnpkg.com/in-w1-dev-dep-1.tgz#123123"
  integrity sha512-shashashashashashashhsa==

noop@1:
  version "7.10.4"
  resolved "https://registry.yarnpkg.com/in-w1-dev-dep-1.tgz#123123"
  integrity sha512-shashashashashashashhsa==
  dependencies:
    in-w1-dev-dep-2 "2"